version = 1
revision = 3
requires-python = ">=3.12"

[[package]]
name = "cmake"
version = "4.1.0"
source = { registry = "https://pypi.org/simple" }
sdist = { url = "https://files.pythonhosted.org/packages/2f/e3/0a11eddf5812ab39f96c2b77895a390acfd469cb64052c6a9c2d8d21b88c/cmake-4.1.0.tar.gz", hash = "sha256:bacdd21aebdf9a42e5631cfb365beb8221783fcd27c4e04f7db8b79c43fb12df", size = 34981, upload-time = "2025-08-11T17:54:05.138Z" }
wheels = [
    { url = "https://files.pythonhosted.org/packages/c3/6b/aa8b65bd42a5d5872469442f45deb58e8129fb8769f9d6ba3ebf8cdacc14/cmake-4.1.0-py3-none-macosx_10_10_universal2.whl", hash = "sha256:69df62445b22d78c2002c22edeb0e85590ae788e477d222fb2ae82c871c33090", size = 49543528, upload-time = "2025-08-11T17:52:59.578Z" },
    { url = "https://files.pythonhosted.org/packages/d1/8b/a873f9dbd7983d3a8981cee68246ef690b18aa41ec25281cce54c01e9a5b/cmake-4.1.0-py3-none-manylinux2014_aarch64.manylinux_2_17_aarch64.whl", hash = "sha256:4e3a30a4f72a8a6d8d593dc289e791f1d84352c1f629543ac8e22c62dbadb20a", size = 30369809, upload-time = "2025-08-11T17:53:03.866Z" },
    { url = "https://files.pythonhosted.org/packages/7c/12/43e4b2ef7a9a54aa8429715e671cea53e7823e894e98c6d26e3f3a3ebd4e/cmake-4.1.0-py3-none-manylinux2014_i686.manylinux_2_17_i686.whl", hash = "sha256:0e2fea746d746f52aa52b8498777ff665a0627d9b136bec4ae0465c38b75e799", size = 30761286, upload-time = "2025-08-11T17:53:11.876Z" },
    { url = "https://files.pythonhosted.org/packages/dd/40/41f8990484b221c8230efa801de522c9d7690279e4308ac8260313eaf363/cmake-4.1.0-py3-none-manylinux2014_ppc64le.manylinux_2_17_ppc64le.whl", hash = "sha256:5a28a87601fa5e775017bf4f5836e8e75091d08f3e5aac411256754ba54fe5c4", size = 32602648, upload-time = "2025-08-11T17:53:15.013Z" },
    { url = "https://files.pythonhosted.org/packages/f7/eb/824d1735821aff0857e57d4455eaf94a4ccc77f7711b9ec3e02eaf34f9f0/cmake-4.1.0-py3-none-manylinux2014_s390x.manylinux_2_17_s390x.whl", hash = "sha256:2a8790473afbb895b8e684e479f26773e4fc5c86845e3438e8488d38de9db807", size = 28568562, upload-time = "2025-08-11T17:53:17.983Z" },
    { url = "https://files.pythonhosted.org/packages/34/da/0217073d5b3fb8655b3de8af4e9e797a25ae28a2932b1138452a0dc89e9f/cmake-4.1.0-py3-none-manylinux2014_x86_64.manylinux_2_17_x86_64.whl", hash = "sha256:dab375932f5962e078da8cf76ca228c21bf4bea9ddeb1308e2b35797fa30f784", size = 29681029, upload-time = "2025-08-11T17:53:21.073Z" },
    { url = "https://files.pythonhosted.org/packages/73/f6/daf3bad6f1a0d069befaebc3dd58ac7ae191fd772e80db0b7f1a94e51d45/cmake-4.1.0-py3-none-manylinux_2_31_armv7l.whl", hash = "sha256:f2eaa6f0a25e31fe09fb0b7f40fbf208eea5f1313093ff441ecfff7dc1b80adf", size = 26509365, upload-time = "2025-08-11T17:53:23.562Z" },
    { url = "https://files.pythonhosted.org/packages/41/91/6ce3d9d5ab5f039cc207678e2ac1c5b8575b141beba6e51e2ea9535c4edd/cmake-4.1.0-py3-none-manylinux_2_35_riscv64.whl", hash = "sha256:3ee38de00cad0501c7dd2b94591522381e3ef9c8468094f037a17ed9e478ef13", size = 28849869, upload-time = "2025-08-11T17:53:29.624Z" },
    { url = "https://files.pythonhosted.org/packages/ab/2d/da9ce3ec46a3af8f35c659914ba444de8724ed5d3e3daf2fa2bf6f64879b/cmake-4.1.0-py3-none-musllinux_1_2_aarch64.whl", hash = "sha256:2d9f14b7d58e447865c111b3b90945b150724876866f5801c80970151718f710", size = 41734467, upload-time = "2025-08-11T17:53:32.917Z" },
    { url = "https://files.pythonhosted.org/packages/91/30/0408c49409dd6e122ed63917d7c34f5bc658c2fffd10e5059965e8770c25/cmake-4.1.0-py3-none-musllinux_1_2_armv7l.whl", hash = "sha256:574448a03acdf34c55a7c66485e7a8260709e8386e9145708e18e2abe5fc337b", size = 35021362, upload-time = "2025-08-11T17:53:35.791Z" },
    { url = "https://files.pythonhosted.org/packages/e1/b3/66764abbd3032c051619c4fc8b6a839c2666da27feeb53ec784b8690417a/cmake-4.1.0-py3-none-musllinux_1_2_i686.whl", hash = "sha256:b8c2538fb557b9edd74d48c189fcde42a55ad7e2c39e04254f8c5d248ca1af4c", size = 45779676, upload-time = "2025-08-11T17:53:38.932Z" },
    { url = "https://files.pythonhosted.org/packages/8f/ee/8b00d179e1a0f7ac22faaae1bec84577415b3664156e9b233f4ef3beeead/cmake-4.1.0-py3-none-musllinux_1_2_ppc64le.whl", hash = "sha256:7c7999c5a1d5a3a66adacc61056765557ed253dc7b8e9deab5cae546f4f9361c", size = 45844041, upload-time = "2025-08-11T17:53:42.347Z" },
    { url = "https://files.pythonhosted.org/packages/24/0d/8e3de2d6faa7aacc8bfa3426ac873eaa8afd10c7cf96673651f1010d930c/cmake-4.1.0-py3-none-musllinux_1_2_riscv64.whl", hash = "sha256:e77ac2554a7b8a94745add465413e3266b714766e9a5d22ac8e5b36a900a1136", size = 39910078, upload-time = "2025-08-11T17:53:45.925Z" },
    { url = "https://files.pythonhosted.org/packages/e7/28/7bfbe0412ed6636b12025f6fa08aa8110deacaf080ed7071429783028c6c/cmake-4.1.0-py3-none-musllinux_1_2_s390x.whl", hash = "sha256:d54e68d5439193265fd7211671420601f6a672b8ca220f19e6c72238b41a84c2", size = 43995109, upload-time = "2025-08-11T17:53:48.933Z" },
    { url = "https://files.pythonhosted.org/packages/e9/0e/aaac412ad02ca799e2113cbca12aa960d9f80beada67769e49ac8c67dace/cmake-4.1.0-py3-none-musllinux_1_2_x86_64.whl", hash = "sha256:c6bd346fe4d9c205310ef9a6e09ced7e610915fa982d7b649f9b12caa6fa0605", size = 43338603, upload-time = "2025-08-11T17:53:52.634Z" },
    { url = "https://files.pythonhosted.org/packages/b0/98/768e4b298a5a53cd305f7aadae2cc825f00ec70a3b1b98d822c7feacb50b/cmake-4.1.0-py3-none-win32.whl", hash = "sha256:7219b7e85ed03a98af89371b9dee762e236ad94e8a09ce141070e6ac6415756f", size = 34272761, upload-time = "2025-08-11T17:53:56.096Z" },
    { url = "https://files.pythonhosted.org/packages/7c/d0/73cae88d8c25973f2465d5a4457264f95617c16ad321824ed4c243734511/cmake-4.1.0-py3-none-win_amd64.whl", hash = "sha256:76e8e7d80a1a9bb5c7ec13ec8da961a8c5a997247f86a08b29f0c2946290c461", size = 37551115, upload-time = "2025-08-11T17:53:59.099Z" },
    { url = "https://files.pythonhosted.org/packages/99/69/744f829b29288720d851e485e2788e530d22783c716ac6decfbf0026b067/cmake-4.1.0-py3-none-win_arm64.whl", hash = "sha256:8d39bbfee7c181e992875cd390fc6d51a317c9374656b332021a67bb40c0b07f", size = 36333811, upload-time = "2025-08-11T17:54:02.074Z" },
]

[[package]]
name = "ninja"
version = "1.13.0"
source = { registry = "https://pypi.org/simple" }
sdist = { url = "https://files.pythonhosted.org/packages/43/73/79a0b22fc731989c708068427579e840a6cf4e937fe7ae5c5d0b7356ac22/ninja-1.13.0.tar.gz", hash = "sha256:4a40ce995ded54d9dc24f8ea37ff3bf62ad192b547f6c7126e7e25045e76f978", size = 242558, upload-time = "2025-08-11T15:10:19.421Z" }
wheels = [
    { url = "https://files.pythonhosted.org/packages/3c/74/d02409ed2aa865e051b7edda22ad416a39d81a84980f544f8de717cab133/ninja-1.13.0-py3-none-macosx_10_9_universal2.whl", hash = "sha256:fa2a8bfc62e31b08f83127d1613d10821775a0eb334197154c4d6067b7068ff1", size = 310125, upload-time = "2025-08-11T15:09:50.971Z" },
    { url = "https://files.pythonhosted.org/packages/8e/de/6e1cd6b84b412ac1ef327b76f0641aeb5dcc01e9d3f9eee0286d0c34fd93/ninja-1.13.0-py3-none-manylinux2014_aarch64.manylinux_2_17_aarch64.whl", hash = "sha256:3d00c692fb717fd511abeb44b8c5d00340c36938c12d6538ba989fe764e79630", size = 177467, upload-time = "2025-08-11T15:09:52.767Z" },
    { url = "https://files.pythonhosted.org/packages/c8/83/49320fb6e58ae3c079381e333575fdbcf1cca3506ee160a2dcce775046fa/ninja-1.13.0-py3-none-manylinux2014_i686.manylinux_2_17_i686.whl", hash = "sha256:be7f478ff9f96a128b599a964fc60a6a87b9fa332ee1bd44fa243ac88d50291c", size = 187834, upload-time = "2025-08-11T15:09:54.115Z" },
    { url = "https://files.pythonhosted.org/packages/56/c7/ba22748fb59f7f896b609cd3e568d28a0a367a6d953c24c461fe04fc4433/ninja-1.13.0-py3-none-manylinux2014_ppc64le.manylinux_2_17_ppc64le.whl", hash = "sha256:60056592cf495e9a6a4bea3cd178903056ecb0943e4de45a2ea825edb6dc8d3e", size = 202736, upload-time = "2025-08-11T15:09:55.745Z" },
    { url = "https://files.pythonhosted.org/packages/79/22/d1de07632b78ac8e6b785f41fa9aad7a978ec8c0a1bf15772def36d77aac/ninja-1.13.0-py3-none-manylinux2014_s390x.manylinux_2_17_s390x.whl", hash = "sha256:1c97223cdda0417f414bf864cfb73b72d8777e57ebb279c5f6de368de0062988", size = 179034, upload-time = "2025-08-11T15:09:57.394Z" },
    { url = "https://files.pythonhosted.org/packages/ed/de/0e6edf44d6a04dabd0318a519125ed0415ce437ad5a1ec9b9be03d9048cf/ninja-1.13.0-py3-none-manylinux2014_x86_64.manylinux_2_17_x86_64.whl", hash = "sha256:fb46acf6b93b8dd0322adc3a4945452a4e774b75b91293bafcc7b7f8e6517dfa", size = 180716, upload-time = "2025-08-11T15:09:58.696Z" },
    { url = "https://files.pythonhosted.org/packages/54/28/938b562f9057aaa4d6bfbeaa05e81899a47aebb3ba6751e36c027a7f5ff7/ninja-1.13.0-py3-none-manylinux_2_28_armv7l.manylinux_2_31_armv7l.whl", hash = "sha256:4be9c1b082d244b1ad7ef41eb8ab088aae8c109a9f3f0b3e56a252d3e00f42c1", size = 146843, upload-time = "2025-08-11T15:10:00.046Z" },
    { url = "https://files.pythonhosted.org/packages/2a/fb/d06a3838de4f8ab866e44ee52a797b5491df823901c54943b2adb0389fbb/ninja-1.13.0-py3-none-manylinux_2_31_riscv64.whl", hash = "sha256:6739d3352073341ad284246f81339a384eec091d9851a886dfa5b00a6d48b3e2", size = 154402, upload-time = "2025-08-11T15:10:01.657Z" },
    { url = "https://files.pythonhosted.org/packages/31/bf/0d7808af695ceddc763cf251b84a9892cd7f51622dc8b4c89d5012779f06/ninja-1.13.0-py3-none-musllinux_1_2_aarch64.whl", hash = "sha256:11be2d22027bde06f14c343f01d31446747dbb51e72d00decca2eb99be911e2f", size = 552388, upload-time = "2025-08-11T15:10:03.349Z" },
    { url = "https://files.pythonhosted.org/packages/9d/70/c99d0c2c809f992752453cce312848abb3b1607e56d4cd1b6cded317351a/ninja-1.13.0-py3-none-musllinux_1_2_armv7l.whl", hash = "sha256:aa45b4037b313c2f698bc13306239b8b93b4680eb47e287773156ac9e9304714", size = 472501, upload-time = "2025-08-11T15:10:04.735Z" },
    { url = "https://files.pythonhosted.org/packages/9f/43/c217b1153f0e499652f5e0766da8523ce3480f0a951039c7af115e224d55/ninja-1.13.0-py3-none-musllinux_1_2_i686.whl", hash = "sha256:5f8e1e8a1a30835eeb51db05cf5a67151ad37542f5a4af2a438e9490915e5b72", size = 638280, upload-time = "2025-08-11T15:10:06.512Z" },
    { url = "https://files.pythonhosted.org/packages/8c/45/9151bba2c8d0ae2b6260f71696330590de5850e5574b7b5694dce6023e20/ninja-1.13.0-py3-none-musllinux_1_2_ppc64le.whl", hash = "sha256:3d7d7779d12cb20c6d054c61b702139fd23a7a964ec8f2c823f1ab1b084150db", size = 642420, upload-time = "2025-08-11T15:10:08.35Z" },
    { url = "https://files.pythonhosted.org/packages/3c/fb/95752eb635bb8ad27d101d71bef15bc63049de23f299e312878fc21cb2da/ninja-1.13.0-py3-none-musllinux_1_2_riscv64.whl", hash = "sha256:d741a5e6754e0bda767e3274a0f0deeef4807f1fec6c0d7921a0244018926ae5", size = 585106, upload-time = "2025-08-11T15:10:09.818Z" },
    { url = "https://files.pythonhosted.org/packages/c1/31/aa56a1a286703800c0cbe39fb4e82811c277772dc8cd084f442dd8e2938a/ninja-1.13.0-py3-none-musllinux_1_2_s390x.whl", hash = "sha256:e8bad11f8a00b64137e9b315b137d8bb6cbf3086fbdc43bf1f90fd33324d2e96", size = 707138, upload-time = "2025-08-11T15:10:11.366Z" },
    { url = "https://files.pythonhosted.org/packages/34/6f/5f5a54a1041af945130abdb2b8529cbef0cdcbbf9bcf3f4195378319d29a/ninja-1.13.0-py3-none-musllinux_1_2_x86_64.whl", hash = "sha256:b4f2a072db3c0f944c32793e91532d8948d20d9ab83da9c0c7c15b5768072200", size = 581758, upload-time = "2025-08-11T15:10:13.295Z" },
    { url = "https://files.pythonhosted.org/packages/95/97/51359c77527d45943fe7a94d00a3843b81162e6c4244b3579fe8fc54cb9c/ninja-1.13.0-py3-none-win32.whl", hash = "sha256:8cfbb80b4a53456ae8a39f90ae3d7a2129f45ea164f43fadfa15dc38c4aef1c9", size = 267201, upload-time = "2025-08-11T15:10:15.158Z" },
    { url = "https://files.pythonhosted.org/packages/29/45/c0adfbfb0b5895aa18cec400c535b4f7ff3e52536e0403602fc1a23f7de9/ninja-1.13.0-py3-none-win_amd64.whl", hash = "sha256:fb8ee8719f8af47fed145cced4a85f0755dd55d45b2bddaf7431fa89803c5f3e", size = 309975, upload-time = "2025-08-11T15:10:16.697Z" },
    { url = "https://files.pythonhosted.org/packages/df/93/a7b983643d1253bb223234b5b226e69de6cda02b76cdca7770f684b795f5/ninja-1.13.0-py3-none-win_arm64.whl", hash = "sha256:3c0b40b1f0bba764644385319028650087b4c1b18cdfa6f45cb39a3669b81aa9", size = 290806, upload-time = "2025-08-11T15:10:18.018Z" },
]

[[package]]
name = "x86port-tooling"
version = "0.1.0"
source = { virtual = "." }
dependencies = [
    { name = "cmake" },
    { name = "ninja" },
]

[package.metadata]
requires-dist = [
    { name = "cmake", specifier = "==4.1.0" },
    { name = "ninja", specifier = "==1.13.0" },
]
